// !$*UTF8*$!
{
	archiveVersion = 1;
	classes = {
	};
	objectVersion = 56;
	objects = {

/* Begin PBXBuildFile section */
		C3E74FD22C5147D000518958 /* HicoApp.swift in Sources */ = {isa = PBXBuildFile; fileRef = C3E74FD12C5147D000518958 /* HicoApp.swift */; };
		C3E74FD42C5147D000518958 /* ContentView.swift in Sources */ = {isa = PBXBuildFile; fileRef = C3E74FD32C5147D000518958 /* ContentView.swift */; };
		C3E74FD62C5147D200518958 /* Assets.xcassets in Resources */ = {isa = PBXBuildFile; fileRef = C3E74FD52C5147D200518958 /* Assets.xcassets */; };
		C3E74FD92C5147D200518958 /* Preview Assets.xcassets in Resources */ = {isa = PBXBuildFile; fileRef = C3E74FD82C5147D200518958 /* Preview Assets.xcassets */; };
		C3E74FDB2C5147D200518958 /* Persistence.swift in Sources */ = {isa = PBXBuildFile; fileRef = C3E74FDA2C5147D200518958 /* Persistence.swift */; };
		C3E74FDE2C5147D200518958 /* Hico.xcdatamodeld in Sources */ = {isa = PBXBuildFile; fileRef = C3E74FDC2C5147D200518958 /* Hico.xcdatamodeld */; };
		C3E74FE62C5149FB00518958 /* ZIPFoundation in Frameworks */ = {isa = PBXBuildFile; productRef = C3E74FE52C5149FB00518958 /* ZIPFoundation */; };
		C3E74FE82C514A3C00518958 /* ZipManager.swift in Sources */ = {isa = PBXBuildFile; fileRef = C3E74FE72C514A3C00518958 /* ZipManager.swift */; };
		C3E74FEB2C514A8E00518958 /* HICO_MobileDuck.zip in Resources */ = {isa = PBXBuildFile; fileRef = C3E74FEA2C514A8E00518958 /* HICO_MobileDuck.zip */; };
		C3E74FEE2C5152D800518958 /* XMLCoder in Frameworks */ = {isa = PBXBuildFile; productRef = C3E74FED2C5152D800518958 /* XMLCoder */; };
		C3E74FF12C51579D00518958 /* Structure.swift in Sources */ = {isa = PBXBuildFile; fileRef = C3E74FF02C51579D00518958 /* Structure.swift */; };
		C3E74FF32C5164B800518958 /* NodeView.swift in Sources */ = {isa = PBXBuildFile; fileRef = C3E74FF22C5164B800518958 /* NodeView.swift */; };
		C3E74FF62C51673500518958 /* WebView.swift in Sources */ = {isa = PBXBuildFile; fileRef = C3E74FF52C51673500518958 /* WebView.swift */; };
/* End PBXBuildFile section */

/* Begin PBXFileReference section */
		C3E74FCE2C5147D000518958 /* Hico.app */ = {isa = PBXFileReference; explicitFileType = wrapper.application; includeInIndex = 0; path = Hico.app; sourceTree = BUILT_PRODUCTS_DIR; };
		C3E74FD12C5147D000518958 /* HicoApp.swift */ = {isa = PBXFileReference; lastKnownFileType = sourcecode.swift; path = HicoApp.swift; sourceTree = "<group>"; };
		C3E74FD32C5147D000518958 /* ContentView.swift */ = {isa = PBXFileReference; lastKnownFileType = sourcecode.swift; path = ContentView.swift; sourceTree = "<group>"; };
		C3E74FD52C5147D200518958 /* Assets.xcassets */ = {isa = PBXFileReference; lastKnownFileType = folder.assetcatalog; path = Assets.xcassets; sourceTree = "<group>"; };
		C3E74FD82C5147D200518958 /* Preview Assets.xcassets */ = {isa = PBXFileReference; lastKnownFileType = folder.assetcatalog; path = "Preview Assets.xcassets"; sourceTree = "<group>"; };
		C3E74FDA2C5147D200518958 /* Persistence.swift */ = {isa = PBXFileReference; lastKnownFileType = sourcecode.swift; path = Persistence.swift; sourceTree = "<group>"; };
		C3E74FDD2C5147D200518958 /* Hico.xcdatamodel */ = {isa = PBXFileReference; lastKnownFileType = wrapper.xcdatamodel; path = Hico.xcdatamodel; sourceTree = "<group>"; };
		C3E74FE72C514A3C00518958 /* ZipManager.swift */ = {isa = PBXFileReference; lastKnownFileType = sourcecode.swift; path = ZipManager.swift; sourceTree = "<group>"; };
		C3E74FEA2C514A8E00518958 /* HICO_MobileDuck.zip */ = {isa = PBXFileReference; lastKnownFileType = archive.zip; path = HICO_MobileDuck.zip; sourceTree = "<group>"; };
		C3E74FF02C51579D00518958 /* Structure.swift */ = {isa = PBXFileReference; lastKnownFileType = sourcecode.swift; path = Structure.swift; sourceTree = "<group>"; };
		C3E74FF22C5164B800518958 /* NodeView.swift */ = {isa = PBXFileReference; lastKnownFileType = sourcecode.swift; path = NodeView.swift; sourceTree = "<group>"; };
		C3E74FF52C51673500518958 /* WebView.swift */ = {isa = PBXFileReference; lastKnownFileType = sourcecode.swift; path = WebView.swift; sourceTree = "<group>"; };
/* End PBXFileReference section */

/* Begin PBXFrameworksBuildPhase section */
		C3E74FCB2C5147D000518958 /* Frameworks */ = {
			isa = PBXFrameworksBuildPhase;
			buildActionMask = 2147483647;
			files = (
				C3E74FEE2C5152D800518958 /* XMLCoder in Frameworks */,
				C3E74FE62C5149FB00518958 /* ZIPFoundation in Frameworks */,
			);
			runOnlyForDeploymentPostprocessing = 0;
		};
/* End PBXFrameworksBuildPhase section */

/* Begin PBXGroup section */
		C3E74FC52C5147D000518958 = {
			isa = PBXGroup;
			children = (
				C3E74FD02C5147D000518958 /* Hico */,
				C3E74FCF2C5147D000518958 /* Products */,
			);
			sourceTree = "<group>";
		};
		C3E74FCF2C5147D000518958 /* Products */ = {
			isa = PBXGroup;
			children = (
				C3E74FCE2C5147D000518958 /* Hico.app */,
			);
			name = Products;
			sourceTree = "<group>";
		};
		C3E74FD02C5147D000518958 /* Hico */ = {
			isa = PBXGroup;
			children = (
				C3E74FDC2C5147D200518958 /* Hico.xcdatamodeld */,
				C3E74FD12C5147D000518958 /* HicoApp.swift */,
				C3E74FEF2C51579700518958 /* Models */,
				C3E74FDA2C5147D200518958 /* Persistence.swift */,
				C3E74FD72C5147D200518958 /* Preview Content */,
				C3E74FE92C514A7600518958 /* Resources */,
				C3E74FF42C51672400518958 /* Views */,
				C3E74FE72C514A3C00518958 /* ZipManager.swift */,
			);
			path = Hico;
			sourceTree = "<group>";
		};
		C3E74FD72C5147D200518958 /* Preview Content */ = {
			isa = PBXGroup;
			children = (
				C3E74FD82C5147D200518958 /* Preview Assets.xcassets */,
			);
			path = "Preview Content";
			sourceTree = "<group>";
		};
		C3E74FE92C514A7600518958 /* Resources */ = {
			isa = PBXGroup;
			children = (
				C3E74FEA2C514A8E00518958 /* HICO_MobileDuck.zip */,
				C3E74FD52C5147D200518958 /* Assets.xcassets */,
			);
			path = Resources;
			sourceTree = "<group>";
		};
		C3E74FEF2C51579700518958 /* Models */ = {
			isa = PBXGroup;
			children = (
				C3E74FF02C51579D00518958 /* Structure.swift */,
			);
			path = Models;
			sourceTree = "<group>";
		};
		C3E74FF42C51672400518958 /* Views */ = {
			isa = PBXGroup;
			children = (
				C3E74FD32C5147D000518958 /* ContentView.swift */,
				C3E74FF22C5164B800518958 /* NodeView.swift */,
				C3E74FF52C51673500518958 /* WebView.swift */,
			);
			path = Views;
			sourceTree = "<group>";
		};
/* End PBXGroup section */

/* Begin PBXNativeTarget section */
		C3E74FCD2C5147D000518958 /* Hico */ = {
			isa = PBXNativeTarget;
			buildConfigurationList = C3E74FE12C5147D200518958 /* Build configuration list for PBXNativeTarget "Hico" */;
			buildPhases = (
				C3E74FCA2C5147D000518958 /* Sources */,
				C3E74FCB2C5147D000518958 /* Frameworks */,
				C3E74FCC2C5147D000518958 /* Resources */,
			);
			buildRules = (
			);
			dependencies = (
			);
			name = Hico;
			packageProductDependencies = (
				C3E74FE52C5149FB00518958 /* ZIPFoundation */,
				C3E74FED2C5152D800518958 /* XMLCoder */,
			);
			productName = Hico;
			productReference = C3E74FCE2C5147D000518958 /* Hico.app */;
			productType = "com.apple.product-type.application";
		};
/* End PBXNativeTarget section */

/* Begin PBXProject section */
		C3E74FC62C5147D000518958 /* Project object */ = {
			isa = PBXProject;
			attributes = {
				BuildIndependentTargetsInParallel = 1;
				LastSwiftUpdateCheck = 1540;
				LastUpgradeCheck = 1540;
				TargetAttributes = {
					C3E74FCD2C5147D000518958 = {
						CreatedOnToolsVersion = 15.4;
					};
				};
			};
			buildConfigurationList = C3E74FC92C5147D000518958 /* Build configuration list for PBXProject "Hico" */;
			compatibilityVersion = "Xcode 14.0";
			developmentRegion = en;
			hasScannedForEncodings = 0;
			knownRegions = (
				en,
				Base,
			);
			mainGroup = C3E74FC52C5147D000518958;
			packageReferences = (
				C3E74FE42C5149FB00518958 /* XCRemoteSwiftPackageReference "ZIPFoundation" */,
				C3E74FEC2C5152D800518958 /* XCRemoteSwiftPackageReference "XMLCoder" */,
			);
			productRefGroup = C3E74FCF2C5147D000518958 /* Products */;
			projectDirPath = "";
			projectRoot = "";
			targets = (
				C3E74FCD2C5147D000518958 /* Hico */,
			);
		};
/* End PBXProject section */

/* Begin PBXResourcesBuildPhase section */
		C3E74FCC2C5147D000518958 /* Resources */ = {
			isa = PBXResourcesBuildPhase;
			buildActionMask = 2147483647;
			files = (
				C3E74FEB2C514A8E00518958 /* HICO_MobileDuck.zip in Resources */,
				C3E74FD92C5147D200518958 /* Preview Assets.xcassets in Resources */,
				C3E74FD62C5147D200518958 /* Assets.xcassets in Resources */,
			);
			runOnlyForDeploymentPostprocessing = 0;
		};
/* End PBXResourcesBuildPhase section */

/* Begin PBXSourcesBuildPhase section */
		C3E74FCA2C5147D000518958 /* Sources */ = {
			isa = PBXSourcesBuildPhase;
			buildActionMask = 2147483647;
			files = (
				C3E74FDE2C5147D200518958 /* Hico.xcdatamodeld in Sources */,
				C3E74FF62C51673500518958 /* WebView.swift in Sources */,
				C3E74FDB2C5147D200518958 /* Persistence.swift in Sources */,
				C3E74FE82C514A3C00518958 /* ZipManager.swift in Sources */,
				C3E74FD42C5147D000518958 /* ContentView.swift in Sources */,
				C3E74FD22C5147D000518958 /* HicoApp.swift in Sources */,
				C3E74FF32C5164B800518958 /* NodeView.swift in Sources */,
				C3E74FF12C51579D00518958 /* Structure.swift in Sources */,
			);
			runOnlyForDeploymentPostprocessing = 0;
		};
/* End PBXSourcesBuildPhase section */

/* Begin XCBuildConfiguration section */
		C3E74FDF2C5147D200518958 /* Debug */ = {
			isa = XCBuildConfiguration;
			buildSettings = {
				ALWAYS_SEARCH_USER_PATHS = NO;
				ASSETCATALOG_COMPILER_GENERATE_SWIFT_ASSET_SYMBOL_EXTENSIONS = YES;
				CLANG_ANALYZER_NONNULL = YES;
				CLANG_ANALYZER_NUMBER_OBJECT_CONVERSION = YES_AGGRESSIVE;
				CLANG_CXX_LANGUAGE_STANDARD = "gnu++20";
				CLANG_ENABLE_MODULES = YES;
				CLANG_ENABLE_OBJC_ARC = YES;
				CLANG_ENABLE_OBJC_WEAK = YES;
				CLANG_WARN_BLOCK_CAPTURE_AUTORELEASING = YES;
				CLANG_WARN_BOOL_CONVERSION = YES;
				CLANG_WARN_COMMA = YES;
				CLANG_WARN_CONSTANT_CONVERSION = YES;
				CLANG_WARN_DEPRECATED_OBJC_IMPLEMENTATIONS = YES;
				CLANG_WARN_DIRECT_OBJC_ISA_USAGE = YES_ERROR;
				CLANG_WARN_DOCUMENTATION_COMMENTS = YES;
				CLANG_WARN_EMPTY_BODY = YES;
				CLANG_WARN_ENUM_CONVERSION = YES;
				CLANG_WARN_INFINITE_RECURSION = YES;
				CLANG_WARN_INT_CONVERSION = YES;
				CLANG_WARN_NON_LITERAL_NULL_CONVERSION = YES;
				CLANG_WARN_OBJC_IMPLICIT_RETAIN_SELF = YES;
				CLANG_WARN_OBJC_LITERAL_CONVERSION = YES;
				CLANG_WARN_OBJC_ROOT_CLASS = YES_ERROR;
				CLANG_WARN_QUOTED_INCLUDE_IN_FRAMEWORK_HEADER = YES;
				CLANG_WARN_RANGE_LOOP_ANALYSIS = YES;
				CLANG_WARN_STRICT_PROTOTYPES = YES;
				CLANG_WARN_SUSPICIOUS_MOVE = YES;
				CLANG_WARN_UNGUARDED_AVAILABILITY = YES_AGGRESSIVE;
				CLANG_WARN_UNREACHABLE_CODE = YES;
				CLANG_WARN__DUPLICATE_METHOD_MATCH = YES;
				COPY_PHASE_STRIP = NO;
				DEBUG_INFORMATION_FORMAT = dwarf;
				ENABLE_STRICT_OBJC_MSGSEND = YES;
				ENABLE_TESTABILITY = YES;
				ENABLE_USER_SCRIPT_SANDBOXING = YES;
				GCC_C_LANGUAGE_STANDARD = gnu17;
				GCC_DYNAMIC_NO_PIC = NO;
				GCC_NO_COMMON_BLOCKS = YES;
				GCC_OPTIMIZATION_LEVEL = 0;
				GCC_PREPROCESSOR_DEFINITIONS = (
					"DEBUG=1",
					"$(inherited)",
				);
				GCC_WARN_64_TO_32_BIT_CONVERSION = YES;
				GCC_WARN_ABOUT_RETURN_TYPE = YES_ERROR;
				GCC_WARN_UNDECLARED_SELECTOR = YES;
				GCC_WARN_UNINITIALIZED_AUTOS = YES_AGGRESSIVE;
				GCC_WARN_UNUSED_FUNCTION = YES;
				GCC_WARN_UNUSED_VARIABLE = YES;
				IPHONEOS_DEPLOYMENT_TARGET = 17.5;
				LOCALIZATION_PREFERS_STRING_CATALOGS = YES;
				MTL_ENABLE_DEBUG_INFO = INCLUDE_SOURCE;
				MTL_FAST_MATH = YES;
				ONLY_ACTIVE_ARCH = YES;
				SDKROOT = iphoneos;
				SWIFT_ACTIVE_COMPILATION_CONDITIONS = "DEBUG $(inherited)";
				SWIFT_OPTIMIZATION_LEVEL = "-Onone";
			};
			name = Debug;
		};
		C3E74FE02C5147D200518958 /* Release */ = {
			isa = XCBuildConfiguration;
			buildSettings = {
				ALWAYS_SEARCH_USER_PATHS = NO;
				ASSETCATALOG_COMPILER_GENERATE_SWIFT_ASSET_SYMBOL_EXTENSIONS = YES;
				CLANG_ANALYZER_NONNULL = YES;
				CLANG_ANALYZER_NUMBER_OBJECT_CONVERSION = YES_AGGRESSIVE;
				CLANG_CXX_LANGUAGE_STANDARD = "gnu++20";
				CLANG_ENABLE_MODULES = YES;
				CLANG_ENABLE_OBJC_ARC = YES;
				CLANG_ENABLE_OBJC_WEAK = YES;
				CLANG_WARN_BLOCK_CAPTURE_AUTORELEASING = YES;
				CLANG_WARN_BOOL_CONVERSION = YES;
				CLANG_WARN_COMMA = YES;
				CLANG_WARN_CONSTANT_CONVERSION = YES;
				CLANG_WARN_DEPRECATED_OBJC_IMPLEMENTATIONS = YES;
				CLANG_WARN_DIRECT_OBJC_ISA_USAGE = YES_ERROR;
				CLANG_WARN_DOCUMENTATION_COMMENTS = YES;
				CLANG_WARN_EMPTY_BODY = YES;
				CLANG_WARN_ENUM_CONVERSION = YES;
				CLANG_WARN_INFINITE_RECURSION = YES;
				CLANG_WARN_INT_CONVERSION = YES;
				CLANG_WARN_NON_LITERAL_NULL_CONVERSION = YES;
				CLANG_WARN_OBJC_IMPLICIT_RETAIN_SELF = YES;
				CLANG_WARN_OBJC_LITERAL_CONVERSION = YES;
				CLANG_WARN_OBJC_ROOT_CLASS = YES_ERROR;
				CLANG_WARN_QUOTED_INCLUDE_IN_FRAMEWORK_HEADER = YES;
				CLANG_WARN_RANGE_LOOP_ANALYSIS = YES;
				CLANG_WARN_STRICT_PROTOTYPES = YES;
				CLANG_WARN_SUSPICIOUS_MOVE = YES;
				CLANG_WARN_UNGUARDED_AVAILABILITY = YES_AGGRESSIVE;
				CLANG_WARN_UNREACHABLE_CODE = YES;
				CLANG_WARN__DUPLICATE_METHOD_MATCH = YES;
				COPY_PHASE_STRIP = NO;
				DEBUG_INFORMATION_FORMAT = "dwarf-with-dsym";
				ENABLE_NS_ASSERTIONS = NO;
				ENABLE_STRICT_OBJC_MSGSEND = YES;
				ENABLE_USER_SCRIPT_SANDBOXING = YES;
				GCC_C_LANGUAGE_STANDARD = gnu17;
				GCC_NO_COMMON_BLOCKS = YES;
				GCC_WARN_64_TO_32_BIT_CONVERSION = YES;
				GCC_WARN_ABOUT_RETURN_TYPE = YES_ERROR;
				GCC_WARN_UNDECLARED_SELECTOR = YES;
				GCC_WARN_UNINITIALIZED_AUTOS = YES_AGGRESSIVE;
				GCC_WARN_UNUSED_FUNCTION = YES;
				GCC_WARN_UNUSED_VARIABLE = YES;
				IPHONEOS_DEPLOYMENT_TARGET = 17.5;
				LOCALIZATION_PREFERS_STRING_CATALOGS = YES;
				MTL_ENABLE_DEBUG_INFO = NO;
				MTL_FAST_MATH = YES;
				SDKROOT = iphoneos;
				SWIFT_COMPILATION_MODE = wholemodule;
				VALIDATE_PRODUCT = YES;
			};
			name = Release;
		};
		C3E74FE22C5147D200518958 /* Debug */ = {
			isa = XCBuildConfiguration;
			buildSettings = {
				ASSETCATALOG_COMPILER_APPICON_NAME = AppIcon;
				ASSETCATALOG_COMPILER_GLOBAL_ACCENT_COLOR_NAME = AccentColor;
				CODE_SIGN_STYLE = Automatic;
				CURRENT_PROJECT_VERSION = 1;
				DEVELOPMENT_ASSET_PATHS = "\"Hico/Preview Content\"";
				DEVELOPMENT_TEAM = A64D3XU5N5;
				ENABLE_PREVIEWS = YES;
				GENERATE_INFOPLIST_FILE = YES;
				INFOPLIST_KEY_UIApplicationSceneManifest_Generation = YES;
				INFOPLIST_KEY_UIApplicationSupportsIndirectInputEvents = YES;
				INFOPLIST_KEY_UILaunchScreen_Generation = YES;
				INFOPLIST_KEY_UISupportedInterfaceOrientations_iPad = "UIInterfaceOrientationPortrait UIInterfaceOrientationPortraitUpsideDown UIInterfaceOrientationLandscapeLeft UIInterfaceOrientationLandscapeRight";
				INFOPLIST_KEY_UISupportedInterfaceOrientations_iPhone = "UIInterfaceOrientationPortrait UIInterfaceOrientationLandscapeLeft UIInterfaceOrientationLandscapeRight";
				LD_RUNPATH_SEARCH_PATHS = (
					"$(inherited)",
					"@executable_path/Frameworks",
				);
				MARKETING_VERSION = 1.0;
				PRODUCT_BUNDLE_IDENTIFIER = com.tbobko.Hico;
				PRODUCT_NAME = "$(TARGET_NAME)";
				SWIFT_EMIT_LOC_STRINGS = YES;
				SWIFT_VERSION = 5.0;
				TARGETED_DEVICE_FAMILY = "1,2";
			};
			name = Debug;
		};
		C3E74FE32C5147D200518958 /* Release */ = {
			isa = XCBuildConfiguration;
			buildSettings = {
				ASSETCATALOG_COMPILER_APPICON_NAME = AppIcon;
				ASSETCATALOG_COMPILER_GLOBAL_ACCENT_COLOR_NAME = AccentColor;
				CODE_SIGN_STYLE = Automatic;
				CURRENT_PROJECT_VERSION = 1;
				DEVELOPMENT_ASSET_PATHS = "\"Hico/Preview Content\"";
				DEVELOPMENT_TEAM = A64D3XU5N5;
				ENABLE_PREVIEWS = YES;
				GENERATE_INFOPLIST_FILE = YES;
				INFOPLIST_KEY_UIApplicationSceneManifest_Generation = YES;
				INFOPLIST_KEY_UIApplicationSupportsIndirectInputEvents = YES;
				INFOPLIST_KEY_UILaunchScreen_Generation = YES;
				INFOPLIST_KEY_UISupportedInterfaceOrientations_iPad = "UIInterfaceOrientationPortrait UIInterfaceOrientationPortraitUpsideDown UIInterfaceOrientationLandscapeLeft UIInterfaceOrientationLandscapeRight";
				INFOPLIST_KEY_UISupportedInterfaceOrientations_iPhone = "UIInterfaceOrientationPortrait UIInterfaceOrientationLandscapeLeft UIInterfaceOrientationLandscapeRight";
				LD_RUNPATH_SEARCH_PATHS = (
					"$(inherited)",
					"@executable_path/Frameworks",
				);
				MARKETING_VERSION = 1.0;
				PRODUCT_BUNDLE_IDENTIFIER = com.tbobko.Hico;
				PRODUCT_NAME = "$(TARGET_NAME)";
				SWIFT_EMIT_LOC_STRINGS = YES;
				SWIFT_VERSION = 5.0;
				TARGETED_DEVICE_FAMILY = "1,2";
			};
			name = Release;
		};
/* End XCBuildConfiguration section */

/* Begin XCConfigurationList section */
		C3E74FC92C5147D000518958 /* Build configuration list for PBXProject "Hico" */ = {
			isa = XCConfigurationList;
			buildConfigurations = (
				C3E74FDF2C5147D200518958 /* Debug */,
				C3E74FE02C5147D200518958 /* Release */,
			);
			defaultConfigurationIsVisible = 0;
			defaultConfigurationName = Release;
		};
		C3E74FE12C5147D200518958 /* Build configuration list for PBXNativeTarget "Hico" */ = {
			isa = XCConfigurationList;
			buildConfigurations = (
				C3E74FE22C5147D200518958 /* Debug */,
				C3E74FE32C5147D200518958 /* Release */,
			);
			defaultConfigurationIsVisible = 0;
			defaultConfigurationName = Release;
		};
/* End XCConfigurationList section */

/* Begin XCRemoteSwiftPackageReference section */
		C3E74FE42C5149FB00518958 /* XCRemoteSwiftPackageReference "ZIPFoundation" */ = {
			isa = XCRemoteSwiftPackageReference;
			repositoryURL = "https://github.com/weichsel/ZIPFoundation.git";
			requirement = {
				kind = upToNextMajorVersion;
				minimumVersion = 0.9.19;
			};
		};
		C3E74FEC2C5152D800518958 /* XCRemoteSwiftPackageReference "XMLCoder" */ = {
			isa = XCRemoteSwiftPackageReference;
			repositoryURL = "git@github.com:CoreOffice/XMLCoder.git";
			requirement = {
				kind = upToNextMajorVersion;
				minimumVersion = 0.17.1;
			};
		};
/* End XCRemoteSwiftPackageReference section */

/* Begin XCSwiftPackageProductDependency section */
		C3E74FE52C5149FB00518958 /* ZIPFoundation */ = {
			isa = XCSwiftPackageProductDependency;
			package = C3E74FE42C5149FB00518958 /* XCRemoteSwiftPackageReference "ZIPFoundation" */;
			productName = ZIPFoundation;
		};
		C3E74FED2C5152D800518958 /* XMLCoder */ = {
			isa = XCSwiftPackageProductDependency;
			package = C3E74FEC2C5152D800518958 /* XCRemoteSwiftPackageReference "XMLCoder" */;
			productName = XMLCoder;
		};
/* End XCSwiftPackageProductDependency section */

/* Begin XCVersionGroup section */
		C3E74FDC2C5147D200518958 /* Hico.xcdatamodeld */ = {
			isa = XCVersionGroup;
			children = (
				C3E74FDD2C5147D200518958 /* Hico.xcdatamodel */,
			);
			currentVersion = C3E74FDD2C5147D200518958 /* Hico.xcdatamodel */;
			path = Hico.xcdatamodeld;
			sourceTree = "<group>";
			versionGroupType = wrapper.xcdatamodel;
		};
/* End XCVersionGroup section */
	};
	rootObject = C3E74FC62C5147D000518958 /* Project object */;
}
